{
    "_readme": [
        "This file locks the dependencies of your project to a known state",
        "Read more about it at https://getcomposer.org/doc/01-basic-usage.md#installing-dependencies",
        "This file is @generated automatically"
    ],
    "content-hash": "e590b08784db6b227a5a606f14c688ec",
    "packages": [
        {
            "name": "wubuwei/php-apple-signin",
            "version": "2.0.1",
            "source": {
                "type": "git",
                "url": "https://github.com/wubuwei/php-apple-signin.git",
                "reference": "5d0e75b30f78179ed63fda3f527195ac8b404458"
            },
            "dist": {
                "type": "zip",
                "url": "https://api.github.com/repos/wubuwei/php-apple-signin/zipball/5d0e75b30f78179ed63fda3f527195ac8b404458",
                "reference": "5d0e75b30f78179ed63fda3f527195ac8b404458",
                "shasum": "",
                "mirrors": [
                    {
                        "url": "https://mirrors.aliyun.com/composer/dists/%package%/%reference%.%type%",
                        "preferred": true
                    }
                ]
            },
            "type": "library",
            "autoload": {
                "psr-4": {
                    "AppleSignIn\\": ""
                }
            },
            "notification-url": "https://packagist.org/downloads/",
            "license": [
                "MIT"
            ],
            "authors": [
                {
                    "name": "wubuwei",
                    "email": "wubuwei.dev@gmail.com",
                    "role": "Developer"
                }
            ],
            "description": "A simple library to decode and parse Apple Sign In client tokens.",
            "keywords": [
                "JWK",
                "apple",
                "in",
                "ios",
                "jwt",
                "php",
                "sign"
            ],
            "time": "2020-04-24T10:09:03+00:00"
        }
    ],
    "packages-dev": [],
    "aliases": [],
    "minimum-stability": "stable",
    "stability-flags": [],
    "prefer-stable": false,
    "prefer-lowest": false,
    "platform": [],
    "platform-dev": []
}
